
Microsoft Visual Studio Solution File, Format Version 11.00
# Visual Studio 2010
Project("{FAE04EC0-301F-11D3-BF4B-00C04F79EFBC}") = "WaterRippleShader", "WaterRippleShader\WaterRippleShader\WaterRippleShader.csproj", "{290A8012-EE75-4C66-9605-DF6B336A4C35}"
EndProject
Project("{96E2B04D-8817-42C6-938A-82C39BA4D311}") = "WaterRippleShaderContent", "WaterRippleShader\WaterRippleShaderContent\WaterRippleShaderContent.contentproj", "{99DE24EB-2FDF-4725-ABD2-2C81D0EC6123}"
EndProject
Global
	GlobalSection(SolutionConfigurationPlatforms) = preSolution
		Debug|x86 = Debug|x86
		Release|x86 = Release|x86
	EndGlobalSection
	GlobalSection(ProjectConfigurationPlatforms) = postSolution
		{290A8012-EE75-4C66-9605-DF6B336A4C35}.Debug|x86.ActiveCfg = Debug|x86
		{290A8012-EE75-4C66-9605-DF6B336A4C35}.Debug|x86.Build.0 = Debug|x86
		{290A8012-EE75-4C66-9605-DF6B336A4C35}.Release|x86.ActiveCfg = Release|x86
		{290A8012-EE75-4C66-9605-DF6B336A4C35}.Release|x86.Build.0 = Release|x86
		{99DE24EB-2FDF-4725-ABD2-2C81D0EC6123}.Debug|x86.ActiveCfg = Debug|x86
		{99DE24EB-2FDF-4725-ABD2-2C81D0EC6123}.Release|x86.ActiveCfg = Release|x86
	EndGlobalSection
	GlobalSection(SolutionProperties) = preSolution
		HideSolutionNode = FALSE
	EndGlobalSection
EndGlobal
